// !$*UTF8*$!
{
	archiveVersion = 1;
	classes = {
	};
	objectVersion = 52;
	objects = {

/* Begin PBXBuildFile section */
		D991BCBC24C1876500C4EC27 /* AppDelegate.swift in Sources */ = {isa = PBXBuildFile; fileRef = D991BCBB24C1876500C4EC27 /* AppDelegate.swift */; };
		D991BCBE24C1876500C4EC27 /* SceneDelegate.swift in Sources */ = {isa = PBXBuildFile; fileRef = D991BCBD24C1876500C4EC27 /* SceneDelegate.swift */; };
		D991BCC124C1876500C4EC27 /* Memorizing.xcdatamodeld in Sources */ = {isa = PBXBuildFile; fileRef = D991BCBF24C1876500C4EC27 /* Memorizing.xcdatamodeld */; };
		D991BCC524C1876600C4EC27 /* Assets.xcassets in Resources */ = {isa = PBXBuildFile; fileRef = D991BCC424C1876600C4EC27 /* Assets.xcassets */; };
		D991BCC824C1876600C4EC27 /* Preview Assets.xcassets in Resources */ = {isa = PBXBuildFile; fileRef = D991BCC724C1876600C4EC27 /* Preview Assets.xcassets */; };
		D991BCCB24C1876600C4EC27 /* LaunchScreen.storyboard in Resources */ = {isa = PBXBuildFile; fileRef = D991BCC924C1876600C4EC27 /* LaunchScreen.storyboard */; };
		D991BCD824C18B4000C4EC27 /* MemorizeViewModel.swift in Sources */ = {isa = PBXBuildFile; fileRef = D991BCD724C18B4000C4EC27 /* MemorizeViewModel.swift */; };
		D991BCDB24C18BA900C4EC27 /* HomeView.swift in Sources */ = {isa = PBXBuildFile; fileRef = D991BCDA24C18BA900C4EC27 /* HomeView.swift */; };
		D991BCDD24C18C0900C4EC27 /* MemorizeView.swift in Sources */ = {isa = PBXBuildFile; fileRef = D991BCDC24C18C0900C4EC27 /* MemorizeView.swift */; };
		D991BCDF24C18C3500C4EC27 /* CardView.swift in Sources */ = {isa = PBXBuildFile; fileRef = D991BCDE24C18C3500C4EC27 /* CardView.swift */; };
		D991BCE124C18C5900C4EC27 /* GridView.swift in Sources */ = {isa = PBXBuildFile; fileRef = D991BCE024C18C5900C4EC27 /* GridView.swift */; };
		D991BCE424C18C9D00C4EC27 /* MemorizeModel.swift in Sources */ = {isa = PBXBuildFile; fileRef = D991BCE324C18C9D00C4EC27 /* MemorizeModel.swift */; };
		D991BCE624C18CC300C4EC27 /* Theme.swift in Sources */ = {isa = PBXBuildFile; fileRef = D991BCE524C18CC300C4EC27 /* Theme.swift */; };
		D991BCE924C18D9500C4EC27 /* Type Extension.swift in Sources */ = {isa = PBXBuildFile; fileRef = D991BCE824C18D9500C4EC27 /* Type Extension.swift */; };
		D991BCED24C18EA100C4EC27 /* GridLayout.swift in Sources */ = {isa = PBXBuildFile; fileRef = D991BCEC24C18EA100C4EC27 /* GridLayout.swift */; };
		D991BCEF24C18EC400C4EC27 /* PieLayout.swift in Sources */ = {isa = PBXBuildFile; fileRef = D991BCEE24C18EC400C4EC27 /* PieLayout.swift */; };
		D991BCF124C18EDE00C4EC27 /* Cardify.swift in Sources */ = {isa = PBXBuildFile; fileRef = D991BCF024C18EDE00C4EC27 /* Cardify.swift */; };
		D991BCF424C18F5400C4EC27 /* ThemeEditorView.swift in Sources */ = {isa = PBXBuildFile; fileRef = D991BCF324C18F5400C4EC27 /* ThemeEditorView.swift */; };
		D991BCF624C18F7700C4EC27 /* ThemeColorView.swift in Sources */ = {isa = PBXBuildFile; fileRef = D991BCF524C18F7700C4EC27 /* ThemeColorView.swift */; };
		D991BCF824C18FC600C4EC27 /* Colors.xcassets in Resources */ = {isa = PBXBuildFile; fileRef = D991BCF724C18FC600C4EC27 /* Colors.xcassets */; };
		D991BCFC24C1920F00C4EC27 /* MemorizeThemes.json in Resources */ = {isa = PBXBuildFile; fileRef = D991BCFB24C1920F00C4EC27 /* MemorizeThemes.json */; };
		D991BCFF24C195BE00C4EC27 /* DynamicColor in Frameworks */ = {isa = PBXBuildFile; productRef = D991BCFE24C195BE00C4EC27 /* DynamicColor */; };
		D991BD0524C196DE00C4EC27 /* ColorPicker in Frameworks */ = {isa = PBXBuildFile; productRef = D991BD0424C196DE00C4EC27 /* ColorPicker */; };
/* End PBXBuildFile section */

/* Begin PBXFileReference section */
		D991BCB824C1876500C4EC27 /* Memorizing.app */ = {isa = PBXFileReference; explicitFileType = wrapper.application; includeInIndex = 0; path = Memorizing.app; sourceTree = BUILT_PRODUCTS_DIR; };
		D991BCBB24C1876500C4EC27 /* AppDelegate.swift */ = {isa = PBXFileReference; lastKnownFileType = sourcecode.swift; path = AppDelegate.swift; sourceTree = "<group>"; };
		D991BCBD24C1876500C4EC27 /* SceneDelegate.swift */ = {isa = PBXFileReference; lastKnownFileType = sourcecode.swift; path = SceneDelegate.swift; sourceTree = "<group>"; };
		D991BCC024C1876500C4EC27 /* Memorizing.xcdatamodel */ = {isa = PBXFileReference; lastKnownFileType = wrapper.xcdatamodel; path = Memorizing.xcdatamodel; sourceTree = "<group>"; };
		D991BCC424C1876600C4EC27 /* Assets.xcassets */ = {isa = PBXFileReference; lastKnownFileType = folder.assetcatalog; path = Assets.xcassets; sourceTree = "<group>"; };
		D991BCC724C1876600C4EC27 /* Preview Assets.xcassets */ = {isa = PBXFileReference; lastKnownFileType = folder.assetcatalog; path = "Preview Assets.xcassets"; sourceTree = "<group>"; };
		D991BCCA24C1876600C4EC27 /* Base */ = {isa = PBXFileReference; lastKnownFileType = file.storyboard; name = Base; path = Base.lproj/LaunchScreen.storyboard; sourceTree = "<group>"; };
		D991BCCC24C1876600C4EC27 /* Info.plist */ = {isa = PBXFileReference; lastKnownFileType = text.plist.xml; path = Info.plist; sourceTree = "<group>"; };
		D991BCD724C18B4000C4EC27 /* MemorizeViewModel.swift */ = {isa = PBXFileReference; lastKnownFileType = sourcecode.swift; path = MemorizeViewModel.swift; sourceTree = "<group>"; };
		D991BCDA24C18BA900C4EC27 /* HomeView.swift */ = {isa = PBXFileReference; lastKnownFileType = sourcecode.swift; path = HomeView.swift; sourceTree = "<group>"; };
		D991BCDC24C18C0900C4EC27 /* MemorizeView.swift */ = {isa = PBXFileReference; lastKnownFileType = sourcecode.swift; path = MemorizeView.swift; sourceTree = "<group>"; };
		D991BCDE24C18C3500C4EC27 /* CardView.swift */ = {isa = PBXFileReference; lastKnownFileType = sourcecode.swift; path = CardView.swift; sourceTree = "<group>"; };
		D991BCE024C18C5900C4EC27 /* GridView.swift */ = {isa = PBXFileReference; lastKnownFileType = sourcecode.swift; path = GridView.swift; sourceTree = "<group>"; };
		D991BCE324C18C9D00C4EC27 /* MemorizeModel.swift */ = {isa = PBXFileReference; lastKnownFileType = sourcecode.swift; path = MemorizeModel.swift; sourceTree = "<group>"; };
		D991BCE524C18CC300C4EC27 /* Theme.swift */ = {isa = PBXFileReference; lastKnownFileType = sourcecode.swift; path = Theme.swift; sourceTree = "<group>"; };
		D991BCE824C18D9500C4EC27 /* Type Extension.swift */ = {isa = PBXFileReference; lastKnownFileType = sourcecode.swift; path = "Type Extension.swift"; sourceTree = "<group>"; };
		D991BCEC24C18EA100C4EC27 /* GridLayout.swift */ = {isa = PBXFileReference; lastKnownFileType = sourcecode.swift; path = GridLayout.swift; sourceTree = "<group>"; };
		D991BCEE24C18EC400C4EC27 /* PieLayout.swift */ = {isa = PBXFileReference; lastKnownFileType = sourcecode.swift; path = PieLayout.swift; sourceTree = "<group>"; };
		D991BCF024C18EDE00C4EC27 /* Cardify.swift */ = {isa = PBXFileReference; lastKnownFileType = sourcecode.swift; path = Cardify.swift; sourceTree = "<group>"; };
		D991BCF324C18F5400C4EC27 /* ThemeEditorView.swift */ = {isa = PBXFileReference; lastKnownFileType = sourcecode.swift; path = ThemeEditorView.swift; sourceTree = "<group>"; };
		D991BCF524C18F7700C4EC27 /* ThemeColorView.swift */ = {isa = PBXFileReference; lastKnownFileType = sourcecode.swift; path = ThemeColorView.swift; sourceTree = "<group>"; };
		D991BCF724C18FC600C4EC27 /* Colors.xcassets */ = {isa = PBXFileReference; lastKnownFileType = folder.assetcatalog; path = Colors.xcassets; sourceTree = "<group>"; };
		D991BCFB24C1920F00C4EC27 /* MemorizeThemes.json */ = {isa = PBXFileReference; lastKnownFileType = text.json; path = MemorizeThemes.json; sourceTree = "<group>"; };
/* End PBXFileReference section */

/* Begin PBXFrameworksBuildPhase section */
		D991BCB524C1876500C4EC27 /* Frameworks */ = {
			isa = PBXFrameworksBuildPhase;
			buildActionMask = 2147483647;
			files = (
				D991BD0524C196DE00C4EC27 /* ColorPicker in Frameworks */,
				D991BCFF24C195BE00C4EC27 /* DynamicColor in Frameworks */,
			);
			runOnlyForDeploymentPostprocessing = 0;
		};
/* End PBXFrameworksBuildPhase section */

/* Begin PBXGroup section */
		D991BCAF24C1876500C4EC27 = {
			isa = PBXGroup;
			children = (
				D991BCBA24C1876500C4EC27 /* Memorizing */,
				D991BCB924C1876500C4EC27 /* Products */,
			);
			sourceTree = "<group>";
		};
		D991BCB924C1876500C4EC27 /* Products */ = {
			isa = PBXGroup;
			children = (
				D991BCB824C1876500C4EC27 /* Memorizing.app */,
			);
			name = Products;
			sourceTree = "<group>";
		};
		D991BCBA24C1876500C4EC27 /* Memorizing */ = {
			isa = PBXGroup;
			children = (
				D991BCEA24C18E0C00C4EC27 /* Resources */,
				D991BCE724C18CF400C4EC27 /* Supporting Files */,
				D991BCE224C18C7400C4EC27 /* Model */,
				D991BCD924C18B8100C4EC27 /* Views */,
				D991BCD624C18B1500C4EC27 /* ViewModel */,
				D991BCD524C187B900C4EC27 /* App */,
				D991BCCC24C1876600C4EC27 /* Info.plist */,
				D991BCBF24C1876500C4EC27 /* Memorizing.xcdatamodeld */,
				D991BCC624C1876600C4EC27 /* Preview Content */,
			);
			path = Memorizing;
			sourceTree = "<group>";
		};
		D991BCC624C1876600C4EC27 /* Preview Content */ = {
			isa = PBXGroup;
			children = (
				D991BCC724C1876600C4EC27 /* Preview Assets.xcassets */,
			);
			path = "Preview Content";
			sourceTree = "<group>";
		};
		D991BCD524C187B900C4EC27 /* App */ = {
			isa = PBXGroup;
			children = (
				D991BCBB24C1876500C4EC27 /* AppDelegate.swift */,
				D991BCBD24C1876500C4EC27 /* SceneDelegate.swift */,
			);
			path = App;
			sourceTree = "<group>";
		};
		D991BCD624C18B1500C4EC27 /* ViewModel */ = {
			isa = PBXGroup;
			children = (
				D991BCD724C18B4000C4EC27 /* MemorizeViewModel.swift */,
			);
			path = ViewModel;
			sourceTree = "<group>";
		};
		D991BCD924C18B8100C4EC27 /* Views */ = {
			isa = PBXGroup;
			children = (
				D991BCDA24C18BA900C4EC27 /* HomeView.swift */,
				D991BCDC24C18C0900C4EC27 /* MemorizeView.swift */,
				D991BCDE24C18C3500C4EC27 /* CardView.swift */,
				D991BCE024C18C5900C4EC27 /* GridView.swift */,
				D991BCF224C18F0A00C4EC27 /* Theme Profiles Views */,
				D991BCEB24C18E7600C4EC27 /* Supporting functions */,
			);
			path = Views;
			sourceTree = "<group>";
		};
		D991BCE224C18C7400C4EC27 /* Model */ = {
			isa = PBXGroup;
			children = (
				D991BCE324C18C9D00C4EC27 /* MemorizeModel.swift */,
				D991BCE524C18CC300C4EC27 /* Theme.swift */,
			);
			path = Model;
			sourceTree = "<group>";
		};
		D991BCE724C18CF400C4EC27 /* Supporting Files */ = {
			isa = PBXGroup;
			children = (
				D991BCC424C1876600C4EC27 /* Assets.xcassets */,
				D991BCF724C18FC600C4EC27 /* Colors.xcassets */,
				D991BCC924C1876600C4EC27 /* LaunchScreen.storyboard */,
				D991BCE824C18D9500C4EC27 /* Type Extension.swift */,
			);
			path = "Supporting Files";
			sourceTree = "<group>";
		};
		D991BCEA24C18E0C00C4EC27 /* Resources */ = {
			isa = PBXGroup;
			children = (
				D991BCFB24C1920F00C4EC27 /* MemorizeThemes.json */,
			);
			path = Resources;
			sourceTree = "<group>";
		};
		D991BCEB24C18E7600C4EC27 /* Supporting functions */ = {
			isa = PBXGroup;
			children = (
				D991BCEC24C18EA100C4EC27 /* GridLayout.swift */,
				D991BCEE24C18EC400C4EC27 /* PieLayout.swift */,
				D991BCF024C18EDE00C4EC27 /* Cardify.swift */,
			);
			path = "Supporting functions";
			sourceTree = "<group>";
		};
		D991BCF224C18F0A00C4EC27 /* Theme Profiles Views */ = {
			isa = PBXGroup;
			children = (
				D991BCF324C18F5400C4EC27 /* ThemeEditorView.swift */,
				D991BCF524C18F7700C4EC27 /* ThemeColorView.swift */,
			);
			path = "Theme Profiles Views";
			sourceTree = "<group>";
		};
/* End PBXGroup section */

/* Begin PBXNativeTarget section */
		D991BCB724C1876500C4EC27 /* Memorizing */ = {
			isa = PBXNativeTarget;
			buildConfigurationList = D991BCCF24C1876600C4EC27 /* Build configuration list for PBXNativeTarget "Memorizing" */;
			buildPhases = (
				D991BCB424C1876500C4EC27 /* Sources */,
				D991BCB524C1876500C4EC27 /* Frameworks */,
				D991BCB624C1876500C4EC27 /* Resources */,
			);
			buildRules = (
			);
			dependencies = (
			);
			name = Memorizing;
			packageProductDependencies = (
				D991BCFE24C195BE00C4EC27 /* DynamicColor */,
				D991BD0424C196DE00C4EC27 /* ColorPicker */,
			);
			productName = Memorizing;
			productReference = D991BCB824C1876500C4EC27 /* Memorizing.app */;
			productType = "com.apple.product-type.application";
		};
/* End PBXNativeTarget section */

/* Begin PBXProject section */
		D991BCB024C1876500C4EC27 /* Project object */ = {
			isa = PBXProject;
			attributes = {
				LastSwiftUpdateCheck = 1150;
				LastUpgradeCheck = 1150;
				ORGANIZATIONNAME = "Christopher Persson";
				TargetAttributes = {
					D991BCB724C1876500C4EC27 = {
						CreatedOnToolsVersion = 11.5;
					};
				};
			};
			buildConfigurationList = D991BCB324C1876500C4EC27 /* Build configuration list for PBXProject "Memorizing" */;
			compatibilityVersion = "Xcode 9.3";
			developmentRegion = en;
			hasScannedForEncodings = 0;
			knownRegions = (
				en,
				Base,
			);
			mainGroup = D991BCAF24C1876500C4EC27;
			packageReferences = (
				D991BCFD24C195BE00C4EC27 /* XCRemoteSwiftPackageReference "DynamicColor" */,
				D991BD0324C196DE00C4EC27 /* XCRemoteSwiftPackageReference "ColorPicker" */,
			);
			productRefGroup = D991BCB924C1876500C4EC27 /* Products */;
			projectDirPath = "";
			projectRoot = "";
			targets = (
				D991BCB724C1876500C4EC27 /* Memorizing */,
			);
		};
/* End PBXProject section */

/* Begin PBXResourcesBuildPhase section */
		D991BCB624C1876500C4EC27 /* Resources */ = {
			isa = PBXResourcesBuildPhase;
			buildActionMask = 2147483647;
			files = (
				D991BCCB24C1876600C4EC27 /* LaunchScreen.storyboard in Resources */,
				D991BCFC24C1920F00C4EC27 /* MemorizeThemes.json in Resources */,
				D991BCF824C18FC600C4EC27 /* Colors.xcassets in Resources */,
				D991BCC824C1876600C4EC27 /* Preview Assets.xcassets in Resources */,
				D991BCC524C1876600C4EC27 /* Assets.xcassets in Resources */,
			);
			runOnlyForDeploymentPostprocessing = 0;
		};
/* End PBXResourcesBuildPhase section */

/* Begin PBXSourcesBuildPhase section */
		D991BCB424C1876500C4EC27 /* Sources */ = {
			isa = PBXSourcesBuildPhase;
			buildActionMask = 2147483647;
			files = (
				D991BCC124C1876500C4EC27 /* Memorizing.xcdatamodeld in Sources */,
				D991BCD824C18B4000C4EC27 /* MemorizeViewModel.swift in Sources */,
				D991BCBC24C1876500C4EC27 /* AppDelegate.swift in Sources */,
				D991BCED24C18EA100C4EC27 /* GridLayout.swift in Sources */,
				D991BCDB24C18BA900C4EC27 /* HomeView.swift in Sources */,
				D991BCE624C18CC300C4EC27 /* Theme.swift in Sources */,
				D991BCBE24C1876500C4EC27 /* SceneDelegate.swift in Sources */,
				D991BCF424C18F5400C4EC27 /* ThemeEditorView.swift in Sources */,
				D991BCDF24C18C3500C4EC27 /* CardView.swift in Sources */,
				D991BCF124C18EDE00C4EC27 /* Cardify.swift in Sources */,
				D991BCE124C18C5900C4EC27 /* GridView.swift in Sources */,
				D991BCDD24C18C0900C4EC27 /* MemorizeView.swift in Sources */,
				D991BCF624C18F7700C4EC27 /* ThemeColorView.swift in Sources */,
				D991BCE924C18D9500C4EC27 /* Type Extension.swift in Sources */,
				D991BCEF24C18EC400C4EC27 /* PieLayout.swift in Sources */,
				D991BCE424C18C9D00C4EC27 /* MemorizeModel.swift in Sources */,
			);
			runOnlyForDeploymentPostprocessing = 0;
		};
/* End PBXSourcesBuildPhase section */

/* Begin PBXVariantGroup section */
		D991BCC924C1876600C4EC27 /* LaunchScreen.storyboard */ = {
			isa = PBXVariantGroup;
			children = (
				D991BCCA24C1876600C4EC27 /* Base */,
			);
			name = LaunchScreen.storyboard;
			sourceTree = "<group>";
		};
/* End PBXVariantGroup section */

/* Begin XCBuildConfiguration section */
		D991BCCD24C1876600C4EC27 /* Debug */ = {
			isa = XCBuildConfiguration;
			buildSettings = {
				ALWAYS_SEARCH_USER_PATHS = NO;
				CLANG_ANALYZER_NONNULL = YES;
				CLANG_ANALYZER_NUMBER_OBJECT_CONVERSION = YES_AGGRESSIVE;
				CLANG_CXX_LANGUAGE_STANDARD = "gnu++14";
				CLANG_CXX_LIBRARY = "libc++";
				CLANG_ENABLE_MODULES = YES;
				CLANG_ENABLE_OBJC_ARC = YES;
				CLANG_ENABLE_OBJC_WEAK = YES;
				CLANG_WARN_BLOCK_CAPTURE_AUTORELEASING = YES;
				CLANG_WARN_BOOL_CONVERSION = YES;
				CLANG_WARN_COMMA = YES;
				CLANG_WARN_CONSTANT_CONVERSION = YES;
				CLANG_WARN_DEPRECATED_OBJC_IMPLEMENTATIONS = YES;
				CLANG_WARN_DIRECT_OBJC_ISA_USAGE = YES_ERROR;
				CLANG_WARN_DOCUMENTATION_COMMENTS = YES;
				CLANG_WARN_EMPTY_BODY = YES;
				CLANG_WARN_ENUM_CONVERSION = YES;
				CLANG_WARN_INFINITE_RECURSION = YES;
				CLANG_WARN_INT_CONVERSION = YES;
				CLANG_WARN_NON_LITERAL_NULL_CONVERSION = YES;
				CLANG_WARN_OBJC_IMPLICIT_RETAIN_SELF = YES;
				CLANG_WARN_OBJC_LITERAL_CONVERSION = YES;
				CLANG_WARN_OBJC_ROOT_CLASS = YES_ERROR;
				CLANG_WARN_RANGE_LOOP_ANALYSIS = YES;
				CLANG_WARN_STRICT_PROTOTYPES = YES;
				CLANG_WARN_SUSPICIOUS_MOVE = YES;
				CLANG_WARN_UNGUARDED_AVAILABILITY = YES_AGGRESSIVE;
				CLANG_WARN_UNREACHABLE_CODE = YES;
				CLANG_WARN__DUPLICATE_METHOD_MATCH = YES;
				COPY_PHASE_STRIP = NO;
				DEBUG_INFORMATION_FORMAT = dwarf;
				ENABLE_STRICT_OBJC_MSGSEND = YES;
				ENABLE_TESTABILITY = YES;
				GCC_C_LANGUAGE_STANDARD = gnu11;
				GCC_DYNAMIC_NO_PIC = NO;
				GCC_NO_COMMON_BLOCKS = YES;
				GCC_OPTIMIZATION_LEVEL = 0;
				GCC_PREPROCESSOR_DEFINITIONS = (
					"DEBUG=1",
					"$(inherited)",
				);
				GCC_WARN_64_TO_32_BIT_CONVERSION = YES;
				GCC_WARN_ABOUT_RETURN_TYPE = YES_ERROR;
				GCC_WARN_UNDECLARED_SELECTOR = YES;
				GCC_WARN_UNINITIALIZED_AUTOS = YES_AGGRESSIVE;
				GCC_WARN_UNUSED_FUNCTION = YES;
				GCC_WARN_UNUSED_VARIABLE = YES;
				IPHONEOS_DEPLOYMENT_TARGET = 13.5;
				MTL_ENABLE_DEBUG_INFO = INCLUDE_SOURCE;
				MTL_FAST_MATH = YES;
				ONLY_ACTIVE_ARCH = YES;
				SDKROOT = iphoneos;
				SWIFT_ACTIVE_COMPILATION_CONDITIONS = DEBUG;
				SWIFT_OPTIMIZATION_LEVEL = "-Onone";
			};
			name = Debug;
		};
		D991BCCE24C1876600C4EC27 /* Release */ = {
			isa = XCBuildConfiguration;
			buildSettings = {
				ALWAYS_SEARCH_USER_PATHS = NO;
				CLANG_ANALYZER_NONNULL = YES;
				CLANG_ANALYZER_NUMBER_OBJECT_CONVERSION = YES_AGGRESSIVE;
				CLANG_CXX_LANGUAGE_STANDARD = "gnu++14";
				CLANG_CXX_LIBRARY = "libc++";
				CLANG_ENABLE_MODULES = YES;
				CLANG_ENABLE_OBJC_ARC = YES;
				CLANG_ENABLE_OBJC_WEAK = YES;
				CLANG_WARN_BLOCK_CAPTURE_AUTORELEASING = YES;
				CLANG_WARN_BOOL_CONVERSION = YES;
				CLANG_WARN_COMMA = YES;
				CLANG_WARN_CONSTANT_CONVERSION = YES;
				CLANG_WARN_DEPRECATED_OBJC_IMPLEMENTATIONS = YES;
				CLANG_WARN_DIRECT_OBJC_ISA_USAGE = YES_ERROR;
				CLANG_WARN_DOCUMENTATION_COMMENTS = YES;
				CLANG_WARN_EMPTY_BODY = YES;
				CLANG_WARN_ENUM_CONVERSION = YES;
				CLANG_WARN_INFINITE_RECURSION = YES;
				CLANG_WARN_INT_CONVERSION = YES;
				CLANG_WARN_NON_LITERAL_NULL_CONVERSION = YES;
				CLANG_WARN_OBJC_IMPLICIT_RETAIN_SELF = YES;
				CLANG_WARN_OBJC_LITERAL_CONVERSION = YES;
				CLANG_WARN_OBJC_ROOT_CLASS = YES_ERROR;
				CLANG_WARN_RANGE_LOOP_ANALYSIS = YES;
				CLANG_WARN_STRICT_PROTOTYPES = YES;
				CLANG_WARN_SUSPICIOUS_MOVE = YES;
				CLANG_WARN_UNGUARDED_AVAILABILITY = YES_AGGRESSIVE;
				CLANG_WARN_UNREACHABLE_CODE = YES;
				CLANG_WARN__DUPLICATE_METHOD_MATCH = YES;
				COPY_PHASE_STRIP = NO;
				DEBUG_INFORMATION_FORMAT = "dwarf-with-dsym";
				ENABLE_NS_ASSERTIONS = NO;
				ENABLE_STRICT_OBJC_MSGSEND = YES;
				GCC_C_LANGUAGE_STANDARD = gnu11;
				GCC_NO_COMMON_BLOCKS = YES;
				GCC_WARN_64_TO_32_BIT_CONVERSION = YES;
				GCC_WARN_ABOUT_RETURN_TYPE = YES_ERROR;
				GCC_WARN_UNDECLARED_SELECTOR = YES;
				GCC_WARN_UNINITIALIZED_AUTOS = YES_AGGRESSIVE;
				GCC_WARN_UNUSED_FUNCTION = YES;
				GCC_WARN_UNUSED_VARIABLE = YES;
				IPHONEOS_DEPLOYMENT_TARGET = 13.5;
				MTL_ENABLE_DEBUG_INFO = NO;
				MTL_FAST_MATH = YES;
				SDKROOT = iphoneos;
				SWIFT_COMPILATION_MODE = wholemodule;
				SWIFT_OPTIMIZATION_LEVEL = "-O";
				VALIDATE_PRODUCT = YES;
			};
			name = Release;
		};
		D991BCD024C1876600C4EC27 /* Debug */ = {
			isa = XCBuildConfiguration;
			buildSettings = {
				ASSETCATALOG_COMPILER_APPICON_NAME = AppIcon;
				CODE_SIGN_STYLE = Manual;
				DEVELOPMENT_ASSET_PATHS = "\"Memorizing/Preview Content\"";
				DEVELOPMENT_TEAM = "";
				ENABLE_PREVIEWS = YES;
				INFOPLIST_FILE = Memorizing/Info.plist;
				LD_RUNPATH_SEARCH_PATHS = (
					"$(inherited)",
					"@executable_path/Frameworks",
				);
				PRODUCT_BUNDLE_IDENTIFIER = com.christopherpersson.Memorizing;
				PRODUCT_NAME = "$(TARGET_NAME)";
				PROVISIONING_PROFILE_SPECIFIER = "";
				SWIFT_VERSION = 5.0;
				TARGETED_DEVICE_FAMILY = "1,2";
			};
			name = Debug;
		};
		D991BCD124C1876600C4EC27 /* Release */ = {
			isa = XCBuildConfiguration;
			buildSettings = {
				ASSETCATALOG_COMPILER_APPICON_NAME = AppIcon;
				CODE_SIGN_STYLE = Manual;
				DEVELOPMENT_ASSET_PATHS = "\"Memorizing/Preview Content\"";
				DEVELOPMENT_TEAM = "";
				ENABLE_PREVIEWS = YES;
				INFOPLIST_FILE = Memorizing/Info.plist;
				LD_RUNPATH_SEARCH_PATHS = (
					"$(inherited)",
					"@executable_path/Frameworks",
				);
				PRODUCT_BUNDLE_IDENTIFIER = com.christopherpersson.Memorizing;
				PRODUCT_NAME = "$(TARGET_NAME)";
				PROVISIONING_PROFILE_SPECIFIER = "";
				SWIFT_VERSION = 5.0;
				TARGETED_DEVICE_FAMILY = "1,2";
			};
			name = Release;
		};
/* End XCBuildConfiguration section */

/* Begin XCConfigurationList section */
		D991BCB324C1876500C4EC27 /* Build configuration list for PBXProject "Memorizing" */ = {
			isa = XCConfigurationList;
			buildConfigurations = (
				D991BCCD24C1876600C4EC27 /* Debug */,
				D991BCCE24C1876600C4EC27 /* Release */,
			);
			defaultConfigurationIsVisible = 0;
			defaultConfigurationName = Release;
		};
		D991BCCF24C1876600C4EC27 /* Build configuration list for PBXNativeTarget "Memorizing" */ = {
			isa = XCConfigurationList;
			buildConfigurations = (
				D991BCD024C1876600C4EC27 /* Debug */,
				D991BCD124C1876600C4EC27 /* Release */,
			);
			defaultConfigurationIsVisible = 0;
			defaultConfigurationName = Release;
		};
/* End XCConfigurationList section */

/* Begin XCRemoteSwiftPackageReference section */
		D991BCFD24C195BE00C4EC27 /* XCRemoteSwiftPackageReference "DynamicColor" */ = {
			isa = XCRemoteSwiftPackageReference;
			repositoryURL = "https://github.com/yannickl/DynamicColor";
			requirement = {
				kind = upToNextMajorVersion;
				minimumVersion = 5.0.1;
			};
		};
		D991BD0324C196DE00C4EC27 /* XCRemoteSwiftPackageReference "ColorPicker" */ = {
			isa = XCRemoteSwiftPackageReference;
			repositoryURL = "https://github.com/hendriku/ColorPicker.git";
			requirement = {
				kind = upToNextMajorVersion;
				minimumVersion = 2.0.1;
			};
		};
/* End XCRemoteSwiftPackageReference section */

/* Begin XCSwiftPackageProductDependency section */
		D991BCFE24C195BE00C4EC27 /* DynamicColor */ = {
			isa = XCSwiftPackageProductDependency;
			package = D991BCFD24C195BE00C4EC27 /* XCRemoteSwiftPackageReference "DynamicColor" */;
			productName = DynamicColor;
		};
		D991BD0424C196DE00C4EC27 /* ColorPicker */ = {
			isa = XCSwiftPackageProductDependency;
			package = D991BD0324C196DE00C4EC27 /* XCRemoteSwiftPackageReference "ColorPicker" */;
			productName = ColorPicker;
		};
/* End XCSwiftPackageProductDependency section */

/* Begin XCVersionGroup section */
		D991BCBF24C1876500C4EC27 /* Memorizing.xcdatamodeld */ = {
			isa = XCVersionGroup;
			children = (
				D991BCC024C1876500C4EC27 /* Memorizing.xcdatamodel */,
			);
			currentVersion = D991BCC024C1876500C4EC27 /* Memorizing.xcdatamodel */;
			path = Memorizing.xcdatamodeld;
			sourceTree = "<group>";
			versionGroupType = wrapper.xcdatamodel;
		};
/* End XCVersionGroup section */
	};
	rootObject = D991BCB024C1876500C4EC27 /* Project object */;
}
